
Microsoft Visual Studio Solution File, Format Version 12.00
# Visual Studio 15
VisualStudioVersion = 15.0.27130.2020
MinimumVisualStudioVersion = 10.0.40219.1
Project("{FAE04EC0-301F-11D3-BF4B-00C04F79EFBC}") = "MergeTools", "MergeTools\MergeTools.csproj", "{BC818B34-DB23-4EC4-8DB4-A980CE44EAC0}"
EndProject
Global
	GlobalSection(SolutionConfigurationPlatforms) = preSolution
		Debug|Any CPU = Debug|Any CPU
		Release|Any CPU = Release|Any CPU
	EndGlobalSection
	GlobalSection(ProjectConfigurationPlatforms) = postSolution
		{BC818B34-DB23-4EC4-8DB4-A980CE44EAC0}.Debug|Any CPU.ActiveCfg = Debug|Any CPU
		{BC818B34-DB23-4EC4-8DB4-A980CE44EAC0}.Debug|Any CPU.Build.0 = Debug|Any CPU
		{BC818B34-DB23-4EC4-8DB4-A980CE44EAC0}.Release|Any CPU.ActiveCfg = Release|Any CPU
		{BC818B34-DB23-4EC4-8DB4-A980CE44EAC0}.Release|Any CPU.Build.0 = Release|Any CPU
	EndGlobalSection
	GlobalSection(SolutionProperties) = preSolution
		HideSolutionNode = FALSE
	EndGlobalSection
	GlobalSection(ExtensibilityGlobals) = postSolution
		SolutionGuid = {6F3E26C9-515E-46AB-BBB1-C15A0A6BF501}
	EndGlobalSection
EndGlobal
